
Microsoft Visual Studio Solution File, Format Version 12.00
# Visual Studio Version 17
VisualStudioVersion = 17.8.34408.163
MinimumVisualStudioVersion = 10.0.40219.1
Project("{FAE04EC0-301F-11D3-BF4B-00C04F79EFBC}") = "adventure2", "adventure2.csproj", "{F479D007-3CF2-4686-894E-6E561FA699CD}"
EndProject
Global
	GlobalSection(SolutionConfigurationPlatforms) = preSolution
		Debug|Any CPU = Debug|Any CPU
		Release|Any CPU = Release|Any CPU
	EndGlobalSection
	GlobalSection(ProjectConfigurationPlatforms) = postSolution
		{F479D007-3CF2-4686-894E-6E561FA699CD}.Debug|Any CPU.ActiveCfg = Debug|Any CPU
		{F479D007-3CF2-4686-894E-6E561FA699CD}.Debug|Any CPU.Build.0 = Debug|Any CPU
		{F479D007-3CF2-4686-894E-6E561FA699CD}.Release|Any CPU.ActiveCfg = Release|Any CPU
		{F479D007-3CF2-4686-894E-6E561FA699CD}.Release|Any CPU.Build.0 = Release|Any CPU
	EndGlobalSection
	GlobalSection(SolutionProperties) = preSolution
		HideSolutionNode = FALSE
	EndGlobalSection
	GlobalSection(ExtensibilityGlobals) = postSolution
		SolutionGuid = {7FF4425C-47DA-44C4-B248-2EE3ABF83F7C}
	EndGlobalSection
EndGlobal
